// !$*UTF8*$!
{
	archiveVersion = 1;
	classes = {
	};
	objectVersion = 46;
	objects = {

/* Begin PBXBuildFile section */
		A18192E81A83E6BD005F95F3 /* main.swift in Sources */ = {isa = PBXBuildFile; fileRef = A18192E71A83E6BD005F95F3 /* main.swift */; };
		A18192EF1A83E6DE005F95F3 /* Func.c in Sources */ = {isa = PBXBuildFile; fileRef = A18192EE1A83E6DE005F95F3 /* Func.c */; };
/* End PBXBuildFile section */

/* Begin PBXCopyFilesBuildPhase section */
		A18192E21A83E6BD005F95F3 /* CopyFiles */ = {
			isa = PBXCopyFilesBuildPhase;
			buildActionMask = 2147483647;
			dstPath = /usr/share/man/man1/;
			dstSubfolderSpec = 0;
			files = (
			);
			runOnlyForDeploymentPostprocessing = 1;
		};
/* End PBXCopyFilesBuildPhase section */

/* Begin PBXFileReference section */
		A18192E41A83E6BD005F95F3 /* callSwiftFromC */ = {isa = PBXFileReference; explicitFileType = "compiled.mach-o.executable"; includeInIndex = 0; path = callSwiftFromC; sourceTree = BUILT_PRODUCTS_DIR; };
		A18192E71A83E6BD005F95F3 /* main.swift */ = {isa = PBXFileReference; lastKnownFileType = sourcecode.swift; path = main.swift; sourceTree = "<group>"; };
		A18192EE1A83E6DE005F95F3 /* Func.c */ = {isa = PBXFileReference; fileEncoding = 4; lastKnownFileType = sourcecode.c.c; path = Func.c; sourceTree = "<group>"; };
/* End PBXFileReference section */

/* Begin PBXFrameworksBuildPhase section */
		A18192E11A83E6BD005F95F3 /* Frameworks */ = {
			isa = PBXFrameworksBuildPhase;
			buildActionMask = 2147483647;
			files = (
			);
			runOnlyForDeploymentPostprocessing = 0;
		};
/* End PBXFrameworksBuildPhase section */

/* Begin PBXGroup section */
		A18192DB1A83E6BD005F95F3 = {
			isa = PBXGroup;
			children = (
				A18192E61A83E6BD005F95F3 /* callSwiftFromC */,
				A18192E51A83E6BD005F95F3 /* Products */,
			);
			sourceTree = "<group>";
		};
		A18192E51A83E6BD005F95F3 /* Products */ = {
			isa = PBXGroup;
			children = (
				A18192E41A83E6BD005F95F3 /* callSwiftFromC */,
			);
			name = Products;
			sourceTree = "<group>";
		};
		A18192E61A83E6BD005F95F3 /* callSwiftFromC */ = {
			isa = PBXGroup;
			children = (
				A18192EE1A83E6DE005F95F3 /* Func.c */,
				A18192E71A83E6BD005F95F3 /* main.swift */,
			);
			path = callSwiftFromC;
			sourceTree = "<group>";
		};
/* End PBXGroup section */

/* Begin PBXNativeTarget section */
		A18192E31A83E6BD005F95F3 /* callSwiftFromC */ = {
			isa = PBXNativeTarget;
			buildConfigurationList = A18192EB1A83E6BD005F95F3 /* Build configuration list for PBXNativeTarget "callSwiftFromC" */;
			buildPhases = (
				A18192E01A83E6BD005F95F3 /* Sources */,
				A18192E11A83E6BD005F95F3 /* Frameworks */,
				A18192E21A83E6BD005F95F3 /* CopyFiles */,
			);
			buildRules = (
			);
			dependencies = (
			);
			name = callSwiftFromC;
			productName = callSwiftFromC;
			productReference = A18192E41A83E6BD005F95F3 /* callSwiftFromC */;
			productType = "com.apple.product-type.tool";
		};
/* End PBXNativeTarget section */

/* Begin PBXProject section */
		A18192DC1A83E6BD005F95F3 /* Project object */ = {
			isa = PBXProject;
			attributes = {
				LastUpgradeCheck = 0610;
				ORGANIZATIONNAME = "Boris Bügling";
				TargetAttributes = {
					A18192E31A83E6BD005F95F3 = {
						CreatedOnToolsVersion = 6.1.1;
					};
				};
			};
			buildConfigurationList = A18192DF1A83E6BD005F95F3 /* Build configuration list for PBXProject "callSwiftFromC" */;
			compatibilityVersion = "Xcode 3.2";
			developmentRegion = English;
			hasScannedForEncodings = 0;
			knownRegions = (
				en,
			);
			mainGroup = A18192DB1A83E6BD005F95F3;
			productRefGroup = A18192E51A83E6BD005F95F3 /* Products */;
			projectDirPath = "";
			projectRoot = "";
			targets = (
				A18192E31A83E6BD005F95F3 /* callSwiftFromC */,
			);
		};
/* End PBXProject section */

/* Begin PBXSourcesBuildPhase section */
		A18192E01A83E6BD005F95F3 /* Sources */ = {
			isa = PBXSourcesBuildPhase;
			buildActionMask = 2147483647;
			files = (
				A18192E81A83E6BD005F95F3 /* main.swift in Sources */,
				A18192EF1A83E6DE005F95F3 /* Func.c in Sources */,
			);
			runOnlyForDeploymentPostprocessing = 0;
		};
/* End PBXSourcesBuildPhase section */

/* Begin XCBuildConfiguration section */
		A18192E91A83E6BD005F95F3 /* Debug */ = {
			isa = XCBuildConfiguration;
			buildSettings = {
				ALWAYS_SEARCH_USER_PATHS = NO;
				CLANG_CXX_LANGUAGE_STANDARD = "gnu++0x";
				CLANG_CXX_LIBRARY = "libc++";
				CLANG_ENABLE_MODULES = YES;
				CLANG_ENABLE_OBJC_ARC = YES;
				CLANG_WARN_BOOL_CONVERSION = YES;
				CLANG_WARN_CONSTANT_CONVERSION = YES;
				CLANG_WARN_DIRECT_OBJC_ISA_USAGE = YES_ERROR;
				CLANG_WARN_EMPTY_BODY = YES;
				CLANG_WARN_ENUM_CONVERSION = YES;
				CLANG_WARN_INT_CONVERSION = YES;
				CLANG_WARN_OBJC_ROOT_CLASS = YES_ERROR;
				CLANG_WARN_UNREACHABLE_CODE = YES;
				CLANG_WARN__DUPLICATE_METHOD_MATCH = YES;
				COPY_PHASE_STRIP = NO;
				ENABLE_STRICT_OBJC_MSGSEND = YES;
				GCC_C_LANGUAGE_STANDARD = gnu99;
				GCC_DYNAMIC_NO_PIC = NO;
				GCC_OPTIMIZATION_LEVEL = 0;
				GCC_PREPROCESSOR_DEFINITIONS = (
					"DEBUG=1",
					"$(inherited)",
				);
				GCC_SYMBOLS_PRIVATE_EXTERN = NO;
				GCC_WARN_64_TO_32_BIT_CONVERSION = YES;
				GCC_WARN_ABOUT_RETURN_TYPE = YES_ERROR;
				GCC_WARN_UNDECLARED_SELECTOR = YES;
				GCC_WARN_UNINITIALIZED_AUTOS = YES_AGGRESSIVE;
				GCC_WARN_UNUSED_FUNCTION = YES;
				GCC_WARN_UNUSED_VARIABLE = YES;
				MACOSX_DEPLOYMENT_TARGET = 10.10;
				MTL_ENABLE_DEBUG_INFO = YES;
				ONLY_ACTIVE_ARCH = YES;
				SDKROOT = macosx;
				SWIFT_OPTIMIZATION_LEVEL = "-Onone";
			};
			name = Debug;
		};
		A18192EA1A83E6BD005F95F3 /* Release */ = {
			isa = XCBuildConfiguration;
			buildSettings = {
				ALWAYS_SEARCH_USER_PATHS = NO;
				CLANG_CXX_LANGUAGE_STANDARD = "gnu++0x";
				CLANG_CXX_LIBRARY = "libc++";
				CLANG_ENABLE_MODULES = YES;
				CLANG_ENABLE_OBJC_ARC = YES;
				CLANG_WARN_BOOL_CONVERSION = YES;
				CLANG_WARN_CONSTANT_CONVERSION = YES;
				CLANG_WARN_DIRECT_OBJC_ISA_USAGE = YES_ERROR;
				CLANG_WARN_EMPTY_BODY = YES;
				CLANG_WARN_ENUM_CONVERSION = YES;
				CLANG_WARN_INT_CONVERSION = YES;
				CLANG_WARN_OBJC_ROOT_CLASS = YES_ERROR;
				CLANG_WARN_UNREACHABLE_CODE = YES;
				CLANG_WARN__DUPLICATE_METHOD_MATCH = YES;
				COPY_PHASE_STRIP = YES;
				DEBUG_INFORMATION_FORMAT = "dwarf-with-dsym";
				ENABLE_NS_ASSERTIONS = NO;
				ENABLE_STRICT_OBJC_MSGSEND = YES;
				GCC_C_LANGUAGE_STANDARD = gnu99;
				GCC_WARN_64_TO_32_BIT_CONVERSION = YES;
				GCC_WARN_ABOUT_RETURN_TYPE = YES_ERROR;
				GCC_WARN_UNDECLARED_SELECTOR = YES;
				GCC_WARN_UNINITIALIZED_AUTOS = YES_AGGRESSIVE;
				GCC_WARN_UNUSED_FUNCTION = YES;
				GCC_WARN_UNUSED_VARIABLE = YES;
				MACOSX_DEPLOYMENT_TARGET = 10.10;
				MTL_ENABLE_DEBUG_INFO = NO;
				SDKROOT = macosx;
			};
			name = Release;
		};
		A18192EC1A83E6BD005F95F3 /* Debug */ = {
			isa = XCBuildConfiguration;
			buildSettings = {
				CLANG_ENABLE_MODULES = YES;
				LD_RUNPATH_SEARCH_PATHS = "$(inherited) @executable_path/../Frameworks @loader_path/../Frameworks";
				PRODUCT_NAME = "$(TARGET_NAME)";
				SWIFT_OPTIMIZATION_LEVEL = "-Onone";
			};
			name = Debug;
		};
		A18192ED1A83E6BD005F95F3 /* Release */ = {
			isa = XCBuildConfiguration;
			buildSettings = {
				CLANG_ENABLE_MODULES = YES;
				LD_RUNPATH_SEARCH_PATHS = "$(inherited) @executable_path/../Frameworks @loader_path/../Frameworks";
				PRODUCT_NAME = "$(TARGET_NAME)";
			};
			name = Release;
		};
/* End XCBuildConfiguration section */

/* Begin XCConfigurationList section */
		A18192DF1A83E6BD005F95F3 /* Build configuration list for PBXProject "callSwiftFromC" */ = {
			isa = XCConfigurationList;
			buildConfigurations = (
				A18192E91A83E6BD005F95F3 /* Debug */,
				A18192EA1A83E6BD005F95F3 /* Release */,
			);
			defaultConfigurationIsVisible = 0;
			defaultConfigurationName = Release;
		};
		A18192EB1A83E6BD005F95F3 /* Build configuration list for PBXNativeTarget "callSwiftFromC" */ = {
			isa = XCConfigurationList;
			buildConfigurations = (
				A18192EC1A83E6BD005F95F3 /* Debug */,
				A18192ED1A83E6BD005F95F3 /* Release */,
			);
			defaultConfigurationIsVisible = 0;
		};
/* End XCConfigurationList section */
	};
	rootObject = A18192DC1A83E6BD005F95F3 /* Project object */;
}
